
Microsoft Visual Studio Solution File, Format Version 12.00
# Visual Studio Version 17
VisualStudioVersion = 17.10.35013.160
MinimumVisualStudioVersion = 10.0.40219.1
Project("{9092AA53-FB77-4645-B42D-1CCCA6BD08BD}") = "iotabotattempt2", "iotabotattempt2\iotabotattempt2.njsproj", "{38C5EC14-2BFA-439A-B971-613FE983F04C}"
EndProject
Global
	GlobalSection(SolutionConfigurationPlatforms) = preSolution
		Debug|Any CPU = Debug|Any CPU
		Release|Any CPU = Release|Any CPU
	EndGlobalSection
	GlobalSection(ProjectConfigurationPlatforms) = postSolution
		{38C5EC14-2BFA-439A-B971-613FE983F04C}.Debug|Any CPU.ActiveCfg = Debug|Any CPU
		{38C5EC14-2BFA-439A-B971-613FE983F04C}.Debug|Any CPU.Build.0 = Debug|Any CPU
		{38C5EC14-2BFA-439A-B971-613FE983F04C}.Release|Any CPU.ActiveCfg = Release|Any CPU
		{38C5EC14-2BFA-439A-B971-613FE983F04C}.Release|Any CPU.Build.0 = Release|Any CPU
	EndGlobalSection
	GlobalSection(SolutionProperties) = preSolution
		HideSolutionNode = FALSE
	EndGlobalSection
	GlobalSection(ExtensibilityGlobals) = postSolution
		SolutionGuid = {857FF51E-246B-4466-A15A-70E475D3B280}
	EndGlobalSection
EndGlobal
